// !$*UTF8*$!
{
	archiveVersion = 1;
	classes = {
	};
	objectVersion = 46;
	objects = {

/* Begin PBXBuildFile section */
		7521FB681E725F14004C3A46 /* ExampleTestCase.cpp in Sources */ = {isa = PBXBuildFile; fileRef = 7521FB661E725F14004C3A46 /* ExampleTestCase.cpp */; };
		75C9BB611E6FA85C005654C9 /* main.cpp in Sources */ = {isa = PBXBuildFile; fileRef = 75C9BB601E6FA85C005654C9 /* main.cpp */; };
		75C9BB691E6FA876005654C9 /* PegJump.cpp in Sources */ = {isa = PBXBuildFile; fileRef = 75C9BB671E6FA876005654C9 /* PegJump.cpp */; };
		75C9BB6C1E6FA986005654C9 /* pegJumpTester.cpp in Sources */ = {isa = PBXBuildFile; fileRef = 75C9BB6A1E6FA986005654C9 /* pegJumpTester.cpp */; };
/* End PBXBuildFile section */

/* Begin PBXCopyFilesBuildPhase section */
		75C9BB5B1E6FA85C005654C9 /* CopyFiles */ = {
			isa = PBXCopyFilesBuildPhase;
			buildActionMask = 2147483647;
			dstPath = /usr/share/man/man1/;
			dstSubfolderSpec = 0;
			files = (
			);
			runOnlyForDeploymentPostprocessing = 1;
		};
/* End PBXCopyFilesBuildPhase section */

/* Begin PBXFileReference section */
		7521FB661E725F14004C3A46 /* ExampleTestCase.cpp */ = {isa = PBXFileReference; fileEncoding = 4; lastKnownFileType = sourcecode.cpp.cpp; path = ExampleTestCase.cpp; sourceTree = "<group>"; };
		7521FB671E725F14004C3A46 /* ExampleTestCase.hpp */ = {isa = PBXFileReference; fileEncoding = 4; lastKnownFileType = sourcecode.cpp.h; path = ExampleTestCase.hpp; sourceTree = "<group>"; };
		75C9BB5D1E6FA85C005654C9 /* testPegJump */ = {isa = PBXFileReference; explicitFileType = "compiled.mach-o.executable"; includeInIndex = 0; path = testPegJump; sourceTree = BUILT_PRODUCTS_DIR; };
		75C9BB601E6FA85C005654C9 /* main.cpp */ = {isa = PBXFileReference; lastKnownFileType = sourcecode.cpp.cpp; path = main.cpp; sourceTree = "<group>"; };
		75C9BB671E6FA876005654C9 /* PegJump.cpp */ = {isa = PBXFileReference; fileEncoding = 4; lastKnownFileType = sourcecode.cpp.cpp; path = PegJump.cpp; sourceTree = "<group>"; };
		75C9BB681E6FA876005654C9 /* PegJump.hpp */ = {isa = PBXFileReference; fileEncoding = 4; lastKnownFileType = sourcecode.cpp.h; path = PegJump.hpp; sourceTree = "<group>"; };
		75C9BB6A1E6FA986005654C9 /* pegJumpTester.cpp */ = {isa = PBXFileReference; fileEncoding = 4; lastKnownFileType = sourcecode.cpp.cpp; path = pegJumpTester.cpp; sourceTree = "<group>"; };
		75C9BB6B1E6FA986005654C9 /* pegJumpTester.hpp */ = {isa = PBXFileReference; fileEncoding = 4; lastKnownFileType = sourcecode.cpp.h; path = pegJumpTester.hpp; sourceTree = "<group>"; };
/* End PBXFileReference section */

/* Begin PBXFrameworksBuildPhase section */
		75C9BB5A1E6FA85C005654C9 /* Frameworks */ = {
			isa = PBXFrameworksBuildPhase;
			buildActionMask = 2147483647;
			files = (
			);
			runOnlyForDeploymentPostprocessing = 0;
		};
/* End PBXFrameworksBuildPhase section */

/* Begin PBXGroup section */
		75C9BB541E6FA85C005654C9 = {
			isa = PBXGroup;
			children = (
				75C9BB5F1E6FA85C005654C9 /* PegJump */,
				75C9BB5E1E6FA85C005654C9 /* Products */,
			);
			sourceTree = "<group>";
		};
		75C9BB5E1E6FA85C005654C9 /* Products */ = {
			isa = PBXGroup;
			children = (
				75C9BB5D1E6FA85C005654C9 /* testPegJump */,
			);
			name = Products;
			sourceTree = "<group>";
		};
		75C9BB5F1E6FA85C005654C9 /* PegJump */ = {
			isa = PBXGroup;
			children = (
				75C9BB601E6FA85C005654C9 /* main.cpp */,
				75C9BB671E6FA876005654C9 /* PegJump.cpp */,
				75C9BB681E6FA876005654C9 /* PegJump.hpp */,
				75C9BB6A1E6FA986005654C9 /* pegJumpTester.cpp */,
				75C9BB6B1E6FA986005654C9 /* pegJumpTester.hpp */,
				7521FB661E725F14004C3A46 /* ExampleTestCase.cpp */,
				7521FB671E725F14004C3A46 /* ExampleTestCase.hpp */,
			);
			name = PegJump;
			path = testPegJump;
			sourceTree = "<group>";
		};
/* End PBXGroup section */

/* Begin PBXNativeTarget section */
		75C9BB5C1E6FA85C005654C9 /* testPegJump */ = {
			isa = PBXNativeTarget;
			buildConfigurationList = 75C9BB641E6FA85C005654C9 /* Build configuration list for PBXNativeTarget "testPegJump" */;
			buildPhases = (
				75C9BB591E6FA85C005654C9 /* Sources */,
				75C9BB5A1E6FA85C005654C9 /* Frameworks */,
				75C9BB5B1E6FA85C005654C9 /* CopyFiles */,
			);
			buildRules = (
			);
			dependencies = (
			);
			name = testPegJump;
			productName = testPegJump;
			productReference = 75C9BB5D1E6FA85C005654C9 /* testPegJump */;
			productType = "com.apple.product-type.tool";
		};
/* End PBXNativeTarget section */

/* Begin PBXProject section */
		75C9BB551E6FA85C005654C9 /* Project object */ = {
			isa = PBXProject;
			attributes = {
				LastUpgradeCheck = 0720;
				ORGANIZATIONNAME = "Jared Bebb LLC";
				TargetAttributes = {
					75C9BB5C1E6FA85C005654C9 = {
						CreatedOnToolsVersion = 7.2;
					};
				};
			};
			buildConfigurationList = 75C9BB581E6FA85C005654C9 /* Build configuration list for PBXProject "testPegJump" */;
			compatibilityVersion = "Xcode 3.2";
			developmentRegion = English;
			hasScannedForEncodings = 0;
			knownRegions = (
				en,
			);
			mainGroup = 75C9BB541E6FA85C005654C9;
			productRefGroup = 75C9BB5E1E6FA85C005654C9 /* Products */;
			projectDirPath = "";
			projectRoot = "";
			targets = (
				75C9BB5C1E6FA85C005654C9 /* testPegJump */,
			);
		};
/* End PBXProject section */

/* Begin PBXSourcesBuildPhase section */
		75C9BB591E6FA85C005654C9 /* Sources */ = {
			isa = PBXSourcesBuildPhase;
			buildActionMask = 2147483647;
			files = (
				7521FB681E725F14004C3A46 /* ExampleTestCase.cpp in Sources */,
				75C9BB691E6FA876005654C9 /* PegJump.cpp in Sources */,
				75C9BB611E6FA85C005654C9 /* main.cpp in Sources */,
				75C9BB6C1E6FA986005654C9 /* pegJumpTester.cpp in Sources */,
			);
			runOnlyForDeploymentPostprocessing = 0;
		};
/* End PBXSourcesBuildPhase section */

/* Begin XCBuildConfiguration section */
		75C9BB621E6FA85C005654C9 /* Debug */ = {
			isa = XCBuildConfiguration;
			buildSettings = {
				ALWAYS_SEARCH_USER_PATHS = YES;
				CLANG_CXX_LANGUAGE_STANDARD = "gnu++0x";
				CLANG_CXX_LIBRARY = "libc++";
				CLANG_ENABLE_MODULES = YES;
				CLANG_ENABLE_OBJC_ARC = YES;
				CLANG_WARN_BOOL_CONVERSION = YES;
				CLANG_WARN_CONSTANT_CONVERSION = YES;
				CLANG_WARN_DIRECT_OBJC_ISA_USAGE = YES_ERROR;
				CLANG_WARN_EMPTY_BODY = YES;
				CLANG_WARN_ENUM_CONVERSION = YES;
				CLANG_WARN_INT_CONVERSION = YES;
				CLANG_WARN_OBJC_ROOT_CLASS = YES_ERROR;
				CLANG_WARN_UNREACHABLE_CODE = YES;
				CLANG_WARN__DUPLICATE_METHOD_MATCH = YES;
				CODE_SIGN_IDENTITY = "-";
				COPY_PHASE_STRIP = NO;
				DEBUG_INFORMATION_FORMAT = dwarf;
				ENABLE_STRICT_OBJC_MSGSEND = YES;
				ENABLE_TESTABILITY = YES;
				GCC_C_LANGUAGE_STANDARD = gnu99;
				GCC_DYNAMIC_NO_PIC = NO;
				GCC_NO_COMMON_BLOCKS = YES;
				GCC_OPTIMIZATION_LEVEL = 0;
				GCC_PREPROCESSOR_DEFINITIONS = (
					"DEBUG=1",
					"$(inherited)",
				);
				GCC_WARN_64_TO_32_BIT_CONVERSION = YES;
				GCC_WARN_ABOUT_RETURN_TYPE = YES_ERROR;
				GCC_WARN_UNDECLARED_SELECTOR = YES;
				GCC_WARN_UNINITIALIZED_AUTOS = YES_AGGRESSIVE;
				GCC_WARN_UNUSED_FUNCTION = YES;
				GCC_WARN_UNUSED_VARIABLE = YES;
				"HEADER_SEARCH_PATHS[arch=*]" = "/usr/local/Cellar/cppunit/1.13.2/include/**";
				"LIBRARY_SEARCH_PATHS[arch=*]" = /usr/local/lib/;
				MACOSX_DEPLOYMENT_TARGET = 10.10;
				MTL_ENABLE_DEBUG_INFO = YES;
				ONLY_ACTIVE_ARCH = YES;
				"OTHER_LDFLAGS[arch=*]" = (
					"-L/usr/local/lib/",
					"-lcppunit",
					"-ldl",
				);
				SDKROOT = macosx;
			};
			name = Debug;
		};
		75C9BB631E6FA85C005654C9 /* Release */ = {
			isa = XCBuildConfiguration;
			buildSettings = {
				ALWAYS_SEARCH_USER_PATHS = YES;
				CLANG_CXX_LANGUAGE_STANDARD = "gnu++0x";
				CLANG_CXX_LIBRARY = "libc++";
				CLANG_ENABLE_MODULES = YES;
				CLANG_ENABLE_OBJC_ARC = YES;
				CLANG_WARN_BOOL_CONVERSION = YES;
				CLANG_WARN_CONSTANT_CONVERSION = YES;
				CLANG_WARN_DIRECT_OBJC_ISA_USAGE = YES_ERROR;
				CLANG_WARN_EMPTY_BODY = YES;
				CLANG_WARN_ENUM_CONVERSION = YES;
				CLANG_WARN_INT_CONVERSION = YES;
				CLANG_WARN_OBJC_ROOT_CLASS = YES_ERROR;
				CLANG_WARN_UNREACHABLE_CODE = YES;
				CLANG_WARN__DUPLICATE_METHOD_MATCH = YES;
				CODE_SIGN_IDENTITY = "-";
				COPY_PHASE_STRIP = NO;
				DEBUG_INFORMATION_FORMAT = "dwarf-with-dsym";
				ENABLE_NS_ASSERTIONS = NO;
				ENABLE_STRICT_OBJC_MSGSEND = YES;
				GCC_C_LANGUAGE_STANDARD = gnu99;
				GCC_NO_COMMON_BLOCKS = YES;
				GCC_WARN_64_TO_32_BIT_CONVERSION = YES;
				GCC_WARN_ABOUT_RETURN_TYPE = YES_ERROR;
				GCC_WARN_UNDECLARED_SELECTOR = YES;
				GCC_WARN_UNINITIALIZED_AUTOS = YES_AGGRESSIVE;
				GCC_WARN_UNUSED_FUNCTION = YES;
				GCC_WARN_UNUSED_VARIABLE = YES;
				"HEADER_SEARCH_PATHS[arch=*]" = "/usr/local/Cellar/cppunit/1.13.2/include/**";
				"LIBRARY_SEARCH_PATHS[arch=*]" = /usr/local/lib/;
				MACOSX_DEPLOYMENT_TARGET = 10.10;
				MTL_ENABLE_DEBUG_INFO = NO;
				"OTHER_LDFLAGS[arch=*]" = (
					"-L/usr/local/lib/",
					"-lcppunit",
					"-ldl",
				);
				SDKROOT = macosx;
			};
			name = Release;
		};
		75C9BB651E6FA85C005654C9 /* Debug */ = {
			isa = XCBuildConfiguration;
			buildSettings = {
				PRODUCT_NAME = "$(TARGET_NAME)";
			};
			name = Debug;
		};
		75C9BB661E6FA85C005654C9 /* Release */ = {
			isa = XCBuildConfiguration;
			buildSettings = {
				PRODUCT_NAME = "$(TARGET_NAME)";
			};
			name = Release;
		};
/* End XCBuildConfiguration section */

/* Begin XCConfigurationList section */
		75C9BB581E6FA85C005654C9 /* Build configuration list for PBXProject "testPegJump" */ = {
			isa = XCConfigurationList;
			buildConfigurations = (
				75C9BB621E6FA85C005654C9 /* Debug */,
				75C9BB631E6FA85C005654C9 /* Release */,
			);
			defaultConfigurationIsVisible = 0;
			defaultConfigurationName = Release;
		};
		75C9BB641E6FA85C005654C9 /* Build configuration list for PBXNativeTarget "testPegJump" */ = {
			isa = XCConfigurationList;
			buildConfigurations = (
				75C9BB651E6FA85C005654C9 /* Debug */,
				75C9BB661E6FA85C005654C9 /* Release */,
			);
			defaultConfigurationIsVisible = 0;
			defaultConfigurationName = Release;
		};
/* End XCConfigurationList section */
	};
	rootObject = 75C9BB551E6FA85C005654C9 /* Project object */;
}
